
Microsoft Visual Studio Solution File, Format Version 12.00
# Visual Studio 2012
Project("{FAE04EC0-301F-11D3-BF4B-00C04F79EFBC}") = "nova-aspnet-quickstart", "nova-aspnet-quickstart\nova-aspnet-quickstart.csproj", "{0D70983F-B4FB-4A4F-A905-2D1C49A7224E}"
EndProject
Global
	GlobalSection(SolutionConfigurationPlatforms) = preSolution
		Debug|Any CPU = Debug|Any CPU
		Release|Any CPU = Release|Any CPU
	EndGlobalSection
	GlobalSection(ProjectConfigurationPlatforms) = postSolution
		{0D70983F-B4FB-4A4F-A905-2D1C49A7224E}.Debug|Any CPU.ActiveCfg = Debug|Any CPU
		{0D70983F-B4FB-4A4F-A905-2D1C49A7224E}.Debug|Any CPU.Build.0 = Debug|Any CPU
		{0D70983F-B4FB-4A4F-A905-2D1C49A7224E}.Release|Any CPU.ActiveCfg = Release|Any CPU
		{0D70983F-B4FB-4A4F-A905-2D1C49A7224E}.Release|Any CPU.Build.0 = Release|Any CPU
	EndGlobalSection
EndGlobal
